// !$*UTF8*$!
{
	archiveVersion = 1;
	classes = {
	};
	objectVersion = 46;
	objects = {

/* Begin PBXBuildFile section */
		08CD1441587B52EB0F21E8C6 /* Pods_Pop.framework in Frameworks */ = {isa = PBXBuildFile; fileRef = 101E31404FBB45226D633ECE /* Pods_Pop.framework */; };
		27D212E01F877BA5F1CF0075 /* Pods_PopUITests.framework in Frameworks */ = {isa = PBXBuildFile; fileRef = 45F26EA9C1F21E248220B24F /* Pods_PopUITests.framework */; };
		CC5B45669628C0C11AB74626 /* Pods_PopTests.framework in Frameworks */ = {isa = PBXBuildFile; fileRef = 44CAE967C6C49B7FC868F1B4 /* Pods_PopTests.framework */; };
		D1163B761D040D660047591B /* GoogleService-Info.plist in Resources */ = {isa = PBXBuildFile; fileRef = D1163B751D040D660047591B /* GoogleService-Info.plist */; };
		D1163B781D040DF90047591B /* PopDatabase.swift in Sources */ = {isa = PBXBuildFile; fileRef = D1163B771D040DF90047591B /* PopDatabase.swift */; };
		D18C981C1CEE54C2001DD1BD /* AppDelegate.swift in Sources */ = {isa = PBXBuildFile; fileRef = D18C981B1CEE54C2001DD1BD /* AppDelegate.swift */; };
		D18C98211CEE54C3001DD1BD /* Main.storyboard in Resources */ = {isa = PBXBuildFile; fileRef = D18C981F1CEE54C3001DD1BD /* Main.storyboard */; };
		D18C98231CEE54C3001DD1BD /* Assets.xcassets in Resources */ = {isa = PBXBuildFile; fileRef = D18C98221CEE54C3001DD1BD /* Assets.xcassets */; };
		D18C98261CEE54C3001DD1BD /* LaunchScreen.storyboard in Resources */ = {isa = PBXBuildFile; fileRef = D18C98241CEE54C3001DD1BD /* LaunchScreen.storyboard */; };
		D18C983C1CEE54C3001DD1BD /* PopUITests.swift in Sources */ = {isa = PBXBuildFile; fileRef = D18C983B1CEE54C3001DD1BD /* PopUITests.swift */; };
		D18C984B1CEE5731001DD1BD /* CloudKit.framework in Frameworks */ = {isa = PBXBuildFile; fileRef = D18C984A1CEE5731001DD1BD /* CloudKit.framework */; };
		D18C984D1CEE58FB001DD1BD /* PopTableViewController.swift in Sources */ = {isa = PBXBuildFile; fileRef = D18C984C1CEE58FB001DD1BD /* PopTableViewController.swift */; };
		D1A7822C1D0413C600E9BEE5 /* RegisterViewController.swift in Sources */ = {isa = PBXBuildFile; fileRef = D1A7822B1D0413C600E9BEE5 /* RegisterViewController.swift */; };
		D1A7822E1D04283800E9BEE5 /* LoginViewController.swift in Sources */ = {isa = PBXBuildFile; fileRef = D1A7822D1D04283800E9BEE5 /* LoginViewController.swift */; };
		D1E010ED1CFE65F100AB035A /* tableViewCell.swift in Sources */ = {isa = PBXBuildFile; fileRef = D1E010EC1CFE65F100AB035A /* tableViewCell.swift */; };
/* End PBXBuildFile section */

/* Begin PBXContainerItemProxy section */
		D18C982D1CEE54C3001DD1BD /* PBXContainerItemProxy */ = {
			isa = PBXContainerItemProxy;
			containerPortal = D18C98101CEE54C2001DD1BD /* Project object */;
			proxyType = 1;
			remoteGlobalIDString = D18C98171CEE54C2001DD1BD;
			remoteInfo = Pop;
		};
		D18C98381CEE54C3001DD1BD /* PBXContainerItemProxy */ = {
			isa = PBXContainerItemProxy;
			containerPortal = D18C98101CEE54C2001DD1BD /* Project object */;
			proxyType = 1;
			remoteGlobalIDString = D18C98171CEE54C2001DD1BD;
			remoteInfo = Pop;
		};
/* End PBXContainerItemProxy section */

/* Begin PBXFileReference section */
		101E31404FBB45226D633ECE /* Pods_Pop.framework */ = {isa = PBXFileReference; explicitFileType = wrapper.framework; includeInIndex = 0; path = Pods_Pop.framework; sourceTree = BUILT_PRODUCTS_DIR; };
		44CAE967C6C49B7FC868F1B4 /* Pods_PopTests.framework */ = {isa = PBXFileReference; explicitFileType = wrapper.framework; includeInIndex = 0; path = Pods_PopTests.framework; sourceTree = BUILT_PRODUCTS_DIR; };
		45F26EA9C1F21E248220B24F /* Pods_PopUITests.framework */ = {isa = PBXFileReference; explicitFileType = wrapper.framework; includeInIndex = 0; path = Pods_PopUITests.framework; sourceTree = BUILT_PRODUCTS_DIR; };
		85C5A5F694FC3A68DCD24D83 /* Pods-Pop.debug.xcconfig */ = {isa = PBXFileReference; includeInIndex = 1; lastKnownFileType = text.xcconfig; name = "Pods-Pop.debug.xcconfig"; path = "Pods/Target Support Files/Pods-Pop/Pods-Pop.debug.xcconfig"; sourceTree = "<group>"; };
		8CC6D17B7F939D3BB3F13F42 /* Pods-PopTests.release.xcconfig */ = {isa = PBXFileReference; includeInIndex = 1; lastKnownFileType = text.xcconfig; name = "Pods-PopTests.release.xcconfig"; path = "Pods/Target Support Files/Pods-PopTests/Pods-PopTests.release.xcconfig"; sourceTree = "<group>"; };
		951ABD54F39406AE75F55497 /* Pods-PopUITests.debug.xcconfig */ = {isa = PBXFileReference; includeInIndex = 1; lastKnownFileType = text.xcconfig; name = "Pods-PopUITests.debug.xcconfig"; path = "Pods/Target Support Files/Pods-PopUITests/Pods-PopUITests.debug.xcconfig"; sourceTree = "<group>"; };
		980102721AAAECCFCC960F4B /* Pods-Pop.release.xcconfig */ = {isa = PBXFileReference; includeInIndex = 1; lastKnownFileType = text.xcconfig; name = "Pods-Pop.release.xcconfig"; path = "Pods/Target Support Files/Pods-Pop/Pods-Pop.release.xcconfig"; sourceTree = "<group>"; };
		B837BC08E6C631339644C4EB /* Pods-PopTests.debug.xcconfig */ = {isa = PBXFileReference; includeInIndex = 1; lastKnownFileType = text.xcconfig; name = "Pods-PopTests.debug.xcconfig"; path = "Pods/Target Support Files/Pods-PopTests/Pods-PopTests.debug.xcconfig"; sourceTree = "<group>"; };
		D1163B751D040D660047591B /* GoogleService-Info.plist */ = {isa = PBXFileReference; fileEncoding = 4; lastKnownFileType = text.plist.xml; path = "GoogleService-Info.plist"; sourceTree = "<group>"; };
		D1163B771D040DF90047591B /* PopDatabase.swift */ = {isa = PBXFileReference; fileEncoding = 4; lastKnownFileType = sourcecode.swift; path = PopDatabase.swift; sourceTree = "<group>"; };
		D18C98181CEE54C2001DD1BD /* Pop.app */ = {isa = PBXFileReference; explicitFileType = wrapper.application; includeInIndex = 0; path = Pop.app; sourceTree = BUILT_PRODUCTS_DIR; };
		D18C981B1CEE54C2001DD1BD /* AppDelegate.swift */ = {isa = PBXFileReference; lastKnownFileType = sourcecode.swift; path = AppDelegate.swift; sourceTree = "<group>"; };
		D18C98201CEE54C3001DD1BD /* Base */ = {isa = PBXFileReference; lastKnownFileType = file.storyboard; name = Base; path = Base.lproj/Main.storyboard; sourceTree = "<group>"; };
		D18C98221CEE54C3001DD1BD /* Assets.xcassets */ = {isa = PBXFileReference; lastKnownFileType = folder.assetcatalog; path = Assets.xcassets; sourceTree = "<group>"; };
		D18C98251CEE54C3001DD1BD /* Base */ = {isa = PBXFileReference; lastKnownFileType = file.storyboard; name = Base; path = Base.lproj/LaunchScreen.storyboard; sourceTree = "<group>"; };
		D18C98271CEE54C3001DD1BD /* Info.plist */ = {isa = PBXFileReference; lastKnownFileType = text.plist.xml; path = Info.plist; sourceTree = "<group>"; };
		D18C982C1CEE54C3001DD1BD /* PopTests.xctest */ = {isa = PBXFileReference; explicitFileType = wrapper.cfbundle; includeInIndex = 0; path = PopTests.xctest; sourceTree = BUILT_PRODUCTS_DIR; };
		D18C98321CEE54C3001DD1BD /* Info.plist */ = {isa = PBXFileReference; lastKnownFileType = text.plist.xml; path = Info.plist; sourceTree = "<group>"; };
		D18C98371CEE54C3001DD1BD /* PopUITests.xctest */ = {isa = PBXFileReference; explicitFileType = wrapper.cfbundle; includeInIndex = 0; path = PopUITests.xctest; sourceTree = BUILT_PRODUCTS_DIR; };
		D18C983B1CEE54C3001DD1BD /* PopUITests.swift */ = {isa = PBXFileReference; lastKnownFileType = sourcecode.swift; path = PopUITests.swift; sourceTree = "<group>"; };
		D18C983D1CEE54C3001DD1BD /* Info.plist */ = {isa = PBXFileReference; lastKnownFileType = text.plist.xml; path = Info.plist; sourceTree = "<group>"; };
		D18C98491CEE54CD001DD1BD /* Pop.entitlements */ = {isa = PBXFileReference; lastKnownFileType = text.xml; path = Pop.entitlements; sourceTree = "<group>"; };
		D18C984A1CEE5731001DD1BD /* CloudKit.framework */ = {isa = PBXFileReference; lastKnownFileType = wrapper.framework; name = CloudKit.framework; path = System/Library/Frameworks/CloudKit.framework; sourceTree = SDKROOT; };
		D18C984C1CEE58FB001DD1BD /* PopTableViewController.swift */ = {isa = PBXFileReference; fileEncoding = 4; lastKnownFileType = sourcecode.swift; path = PopTableViewController.swift; sourceTree = "<group>"; };
		D1A7822B1D0413C600E9BEE5 /* RegisterViewController.swift */ = {isa = PBXFileReference; fileEncoding = 4; lastKnownFileType = sourcecode.swift; path = RegisterViewController.swift; sourceTree = "<group>"; };
		D1A7822D1D04283800E9BEE5 /* LoginViewController.swift */ = {isa = PBXFileReference; fileEncoding = 4; lastKnownFileType = sourcecode.swift; path = LoginViewController.swift; sourceTree = "<group>"; };
		D1E010EC1CFE65F100AB035A /* tableViewCell.swift */ = {isa = PBXFileReference; fileEncoding = 4; lastKnownFileType = sourcecode.swift; path = tableViewCell.swift; sourceTree = "<group>"; };
		F626EDB3464B968283A7AA18 /* Pods-PopUITests.release.xcconfig */ = {isa = PBXFileReference; includeInIndex = 1; lastKnownFileType = text.xcconfig; name = "Pods-PopUITests.release.xcconfig"; path = "Pods/Target Support Files/Pods-PopUITests/Pods-PopUITests.release.xcconfig"; sourceTree = "<group>"; };
/* End PBXFileReference section */

/* Begin PBXFrameworksBuildPhase section */
		D18C98151CEE54C2001DD1BD /* Frameworks */ = {
			isa = PBXFrameworksBuildPhase;
			buildActionMask = 2147483647;
			files = (
				D18C984B1CEE5731001DD1BD /* CloudKit.framework in Frameworks */,
				08CD1441587B52EB0F21E8C6 /* Pods_Pop.framework in Frameworks */,
			);
			runOnlyForDeploymentPostprocessing = 0;
		};
		D18C98291CEE54C3001DD1BD /* Frameworks */ = {
			isa = PBXFrameworksBuildPhase;
			buildActionMask = 2147483647;
			files = (
				CC5B45669628C0C11AB74626 /* Pods_PopTests.framework in Frameworks */,
			);
			runOnlyForDeploymentPostprocessing = 0;
		};
		D18C98341CEE54C3001DD1BD /* Frameworks */ = {
			isa = PBXFrameworksBuildPhase;
			buildActionMask = 2147483647;
			files = (
				27D212E01F877BA5F1CF0075 /* Pods_PopUITests.framework in Frameworks */,
			);
			runOnlyForDeploymentPostprocessing = 0;
		};
/* End PBXFrameworksBuildPhase section */

/* Begin PBXGroup section */
		329D2375BA8DD22359B4EA5A /* Frameworks */ = {
			isa = PBXGroup;
			children = (
				101E31404FBB45226D633ECE /* Pods_Pop.framework */,
				44CAE967C6C49B7FC868F1B4 /* Pods_PopTests.framework */,
				45F26EA9C1F21E248220B24F /* Pods_PopUITests.framework */,
			);
			name = Frameworks;
			sourceTree = "<group>";
		};
		A4EAE61ACFC5A9375F51B837 /* Pods */ = {
			isa = PBXGroup;
			children = (
				85C5A5F694FC3A68DCD24D83 /* Pods-Pop.debug.xcconfig */,
				980102721AAAECCFCC960F4B /* Pods-Pop.release.xcconfig */,
				B837BC08E6C631339644C4EB /* Pods-PopTests.debug.xcconfig */,
				8CC6D17B7F939D3BB3F13F42 /* Pods-PopTests.release.xcconfig */,
				951ABD54F39406AE75F55497 /* Pods-PopUITests.debug.xcconfig */,
				F626EDB3464B968283A7AA18 /* Pods-PopUITests.release.xcconfig */,
			);
			name = Pods;
			sourceTree = "<group>";
		};
		D18C980F1CEE54C2001DD1BD = {
			isa = PBXGroup;
			children = (
				D18C984A1CEE5731001DD1BD /* CloudKit.framework */,
				D18C981A1CEE54C2001DD1BD /* Pop */,
				D18C982F1CEE54C3001DD1BD /* PopTests */,
				D18C983A1CEE54C3001DD1BD /* PopUITests */,
				D18C98191CEE54C2001DD1BD /* Products */,
				A4EAE61ACFC5A9375F51B837 /* Pods */,
				329D2375BA8DD22359B4EA5A /* Frameworks */,
			);
			sourceTree = "<group>";
		};
		D18C98191CEE54C2001DD1BD /* Products */ = {
			isa = PBXGroup;
			children = (
				D18C98181CEE54C2001DD1BD /* Pop.app */,
				D18C982C1CEE54C3001DD1BD /* PopTests.xctest */,
				D18C98371CEE54C3001DD1BD /* PopUITests.xctest */,
			);
			name = Products;
			sourceTree = "<group>";
		};
		D18C981A1CEE54C2001DD1BD /* Pop */ = {
			isa = PBXGroup;
			children = (
				D18C98491CEE54CD001DD1BD /* Pop.entitlements */,
				D18C981B1CEE54C2001DD1BD /* AppDelegate.swift */,
				D18C984C1CEE58FB001DD1BD /* PopTableViewController.swift */,
				D18C981F1CEE54C3001DD1BD /* Main.storyboard */,
				D1E010EC1CFE65F100AB035A /* tableViewCell.swift */,
				D18C98221CEE54C3001DD1BD /* Assets.xcassets */,
				D1163B751D040D660047591B /* GoogleService-Info.plist */,
				D18C98241CEE54C3001DD1BD /* LaunchScreen.storyboard */,
				D18C98271CEE54C3001DD1BD /* Info.plist */,
				D1163B771D040DF90047591B /* PopDatabase.swift */,
				D1A7822B1D0413C600E9BEE5 /* RegisterViewController.swift */,
				D1A7822D1D04283800E9BEE5 /* LoginViewController.swift */,
			);
			path = Pop;
			sourceTree = "<group>";
		};
		D18C982F1CEE54C3001DD1BD /* PopTests */ = {
			isa = PBXGroup;
			children = (
				D18C98321CEE54C3001DD1BD /* Info.plist */,
			);
			path = PopTests;
			sourceTree = "<group>";
		};
		D18C983A1CEE54C3001DD1BD /* PopUITests */ = {
			isa = PBXGroup;
			children = (
				D18C983B1CEE54C3001DD1BD /* PopUITests.swift */,
				D18C983D1CEE54C3001DD1BD /* Info.plist */,
			);
			path = PopUITests;
			sourceTree = "<group>";
		};
/* End PBXGroup section */

/* Begin PBXNativeTarget section */
		D18C98171CEE54C2001DD1BD /* Pop */ = {
			isa = PBXNativeTarget;
			buildConfigurationList = D18C98401CEE54C3001DD1BD /* Build configuration list for PBXNativeTarget "Pop" */;
			buildPhases = (
				9E6172582C377C0A9894E6E0 /* [CP] Check Pods Manifest.lock */,
				D18C98141CEE54C2001DD1BD /* Sources */,
				D18C98151CEE54C2001DD1BD /* Frameworks */,
				D18C98161CEE54C2001DD1BD /* Resources */,
				3DE8E972C5DA091F8A92B21D /* [CP] Embed Pods Frameworks */,
				67E946CB579DFB95A39B843E /* [CP] Copy Pods Resources */,
			);
			buildRules = (
			);
			dependencies = (
			);
			name = Pop;
			productName = Pop;
			productReference = D18C98181CEE54C2001DD1BD /* Pop.app */;
			productType = "com.apple.product-type.application";
		};
		D18C982B1CEE54C3001DD1BD /* PopTests */ = {
			isa = PBXNativeTarget;
			buildConfigurationList = D18C98431CEE54C3001DD1BD /* Build configuration list for PBXNativeTarget "PopTests" */;
			buildPhases = (
				5D8400FE6B5CD5A7125692DD /* [CP] Check Pods Manifest.lock */,
				D18C98281CEE54C3001DD1BD /* Sources */,
				D18C98291CEE54C3001DD1BD /* Frameworks */,
				D18C982A1CEE54C3001DD1BD /* Resources */,
				2EDBE9B5A7D73E5B1C6B1C90 /* [CP] Embed Pods Frameworks */,
				3DEB897A62A43779F2F8E8C3 /* [CP] Copy Pods Resources */,
			);
			buildRules = (
			);
			dependencies = (
				D18C982E1CEE54C3001DD1BD /* PBXTargetDependency */,
			);
			name = PopTests;
			productName = PopTests;
			productReference = D18C982C1CEE54C3001DD1BD /* PopTests.xctest */;
			productType = "com.apple.product-type.bundle.unit-test";
		};
		D18C98361CEE54C3001DD1BD /* PopUITests */ = {
			isa = PBXNativeTarget;
			buildConfigurationList = D18C98461CEE54C3001DD1BD /* Build configuration list for PBXNativeTarget "PopUITests" */;
			buildPhases = (
				5B16454A2E8194F15E57E4E4 /* [CP] Check Pods Manifest.lock */,
				D18C98331CEE54C3001DD1BD /* Sources */,
				D18C98341CEE54C3001DD1BD /* Frameworks */,
				D18C98351CEE54C3001DD1BD /* Resources */,
				83B88B7DF3E10D928DDB27CB /* [CP] Copy Pods Resources */,
			);
			buildRules = (
			);
			dependencies = (
				D18C98391CEE54C3001DD1BD /* PBXTargetDependency */,
			);
			name = PopUITests;
			productName = PopUITests;
			productReference = D18C98371CEE54C3001DD1BD /* PopUITests.xctest */;
			productType = "com.apple.product-type.bundle.ui-testing";
		};
/* End PBXNativeTarget section */

/* Begin PBXProject section */
		D18C98101CEE54C2001DD1BD /* Project object */ = {
			isa = PBXProject;
			attributes = {
				LastSwiftUpdateCheck = 0730;
				LastUpgradeCheck = 0730;
				ORGANIZATIONNAME = "Justin Mac";
				TargetAttributes = {
					D18C98171CEE54C2001DD1BD = {
						CreatedOnToolsVersion = 7.3;
						DevelopmentTeam = 8HT4SNWT5N;
						SystemCapabilities = {
							com.apple.BackgroundModes = {
								enabled = 0;
							};
							com.apple.Push = {
								enabled = 1;
							};
							com.apple.iCloud = {
								enabled = 1;
							};
						};
					};
					D18C982B1CEE54C3001DD1BD = {
						CreatedOnToolsVersion = 7.3;
						TestTargetID = D18C98171CEE54C2001DD1BD;
					};
					D18C98361CEE54C3001DD1BD = {
						CreatedOnToolsVersion = 7.3;
						TestTargetID = D18C98171CEE54C2001DD1BD;
					};
				};
			};
			buildConfigurationList = D18C98131CEE54C2001DD1BD /* Build configuration list for PBXProject "Pop" */;
			compatibilityVersion = "Xcode 3.2";
			developmentRegion = English;
			hasScannedForEncodings = 0;
			knownRegions = (
				en,
				Base,
			);
			mainGroup = D18C980F1CEE54C2001DD1BD;
			productRefGroup = D18C98191CEE54C2001DD1BD /* Products */;
			projectDirPath = "";
			projectRoot = "";
			targets = (
				D18C98171CEE54C2001DD1BD /* Pop */,
				D18C982B1CEE54C3001DD1BD /* PopTests */,
				D18C98361CEE54C3001DD1BD /* PopUITests */,
			);
		};
/* End PBXProject section */

/* Begin PBXResourcesBuildPhase section */
		D18C98161CEE54C2001DD1BD /* Resources */ = {
			isa = PBXResourcesBuildPhase;
			buildActionMask = 2147483647;
			files = (
				D18C98261CEE54C3001DD1BD /* LaunchScreen.storyboard in Resources */,
				D1163B761D040D660047591B /* GoogleService-Info.plist in Resources */,
				D18C98231CEE54C3001DD1BD /* Assets.xcassets in Resources */,
				D18C98211CEE54C3001DD1BD /* Main.storyboard in Resources */,
			);
			runOnlyForDeploymentPostprocessing = 0;
		};
		D18C982A1CEE54C3001DD1BD /* Resources */ = {
			isa = PBXResourcesBuildPhase;
			buildActionMask = 2147483647;
			files = (
			);
			runOnlyForDeploymentPostprocessing = 0;
		};
		D18C98351CEE54C3001DD1BD /* Resources */ = {
			isa = PBXResourcesBuildPhase;
			buildActionMask = 2147483647;
			files = (
			);
			runOnlyForDeploymentPostprocessing = 0;
		};
/* End PBXResourcesBuildPhase section */

/* Begin PBXShellScriptBuildPhase section */
		2EDBE9B5A7D73E5B1C6B1C90 /* [CP] Embed Pods Frameworks */ = {
			isa = PBXShellScriptBuildPhase;
			buildActionMask = 2147483647;
			files = (
			);
			inputPaths = (
			);
			name = "[CP] Embed Pods Frameworks";
			outputPaths = (
			);
			runOnlyForDeploymentPostprocessing = 0;
			shellPath = /bin/sh;
			shellScript = "\"${SRCROOT}/Pods/Target Support Files/Pods-PopTests/Pods-PopTests-frameworks.sh\"\n";
			showEnvVarsInLog = 0;
		};
		3DE8E972C5DA091F8A92B21D /* [CP] Embed Pods Frameworks */ = {
			isa = PBXShellScriptBuildPhase;
			buildActionMask = 2147483647;
			files = (
			);
			inputPaths = (
			);
			name = "[CP] Embed Pods Frameworks";
			outputPaths = (
			);
			runOnlyForDeploymentPostprocessing = 0;
			shellPath = /bin/sh;
			shellScript = "\"${SRCROOT}/Pods/Target Support Files/Pods-Pop/Pods-Pop-frameworks.sh\"\n";
			showEnvVarsInLog = 0;
		};
		3DEB897A62A43779F2F8E8C3 /* [CP] Copy Pods Resources */ = {
			isa = PBXShellScriptBuildPhase;
			buildActionMask = 2147483647;
			files = (
			);
			inputPaths = (
			);
			name = "[CP] Copy Pods Resources";
			outputPaths = (
			);
			runOnlyForDeploymentPostprocessing = 0;
			shellPath = /bin/sh;
			shellScript = "\"${SRCROOT}/Pods/Target Support Files/Pods-PopTests/Pods-PopTests-resources.sh\"\n";
			showEnvVarsInLog = 0;
		};
		5B16454A2E8194F15E57E4E4 /* [CP] Check Pods Manifest.lock */ = {
			isa = PBXShellScriptBuildPhase;
			buildActionMask = 2147483647;
			files = (
			);
			inputPaths = (
			);
			name = "[CP] Check Pods Manifest.lock";
			outputPaths = (
			);
			runOnlyForDeploymentPostprocessing = 0;
			shellPath = /bin/sh;
			shellScript = "diff \"${PODS_ROOT}/../Podfile.lock\" \"${PODS_ROOT}/Manifest.lock\" > /dev/null\nif [[ $? != 0 ]] ; then\n    cat << EOM\nerror: The sandbox is not in sync with the Podfile.lock. Run 'pod install' or update your CocoaPods installation.\nEOM\n    exit 1\nfi\n";
			showEnvVarsInLog = 0;
		};
		5D8400FE6B5CD5A7125692DD /* [CP] Check Pods Manifest.lock */ = {
			isa = PBXShellScriptBuildPhase;
			buildActionMask = 2147483647;
			files = (
			);
			inputPaths = (
			);
			name = "[CP] Check Pods Manifest.lock";
			outputPaths = (
			);
			runOnlyForDeploymentPostprocessing = 0;
			shellPath = /bin/sh;
			shellScript = "diff \"${PODS_ROOT}/../Podfile.lock\" \"${PODS_ROOT}/Manifest.lock\" > /dev/null\nif [[ $? != 0 ]] ; then\n    cat << EOM\nerror: The sandbox is not in sync with the Podfile.lock. Run 'pod install' or update your CocoaPods installation.\nEOM\n    exit 1\nfi\n";
			showEnvVarsInLog = 0;
		};
		67E946CB579DFB95A39B843E /* [CP] Copy Pods Resources */ = {
			isa = PBXShellScriptBuildPhase;
			buildActionMask = 2147483647;
			files = (
			);
			inputPaths = (
			);
			name = "[CP] Copy Pods Resources";
			outputPaths = (
			);
			runOnlyForDeploymentPostprocessing = 0;
			shellPath = /bin/sh;
			shellScript = "\"${SRCROOT}/Pods/Target Support Files/Pods-Pop/Pods-Pop-resources.sh\"\n";
			showEnvVarsInLog = 0;
		};
		83B88B7DF3E10D928DDB27CB /* [CP] Copy Pods Resources */ = {
			isa = PBXShellScriptBuildPhase;
			buildActionMask = 2147483647;
			files = (
			);
			inputPaths = (
			);
			name = "[CP] Copy Pods Resources";
			outputPaths = (
			);
			runOnlyForDeploymentPostprocessing = 0;
			shellPath = /bin/sh;
			shellScript = "\"${SRCROOT}/Pods/Target Support Files/Pods-PopUITests/Pods-PopUITests-resources.sh\"\n";
			showEnvVarsInLog = 0;
		};
		9E6172582C377C0A9894E6E0 /* [CP] Check Pods Manifest.lock */ = {
			isa = PBXShellScriptBuildPhase;
			buildActionMask = 2147483647;
			files = (
			);
			inputPaths = (
			);
			name = "[CP] Check Pods Manifest.lock";
			outputPaths = (
			);
			runOnlyForDeploymentPostprocessing = 0;
			shellPath = /bin/sh;
			shellScript = "diff \"${PODS_ROOT}/../Podfile.lock\" \"${PODS_ROOT}/Manifest.lock\" > /dev/null\nif [[ $? != 0 ]] ; then\n    cat << EOM\nerror: The sandbox is not in sync with the Podfile.lock. Run 'pod install' or update your CocoaPods installation.\nEOM\n    exit 1\nfi\n";
			showEnvVarsInLog = 0;
		};
/* End PBXShellScriptBuildPhase section */

/* Begin PBXSourcesBuildPhase section */
		D18C98141CEE54C2001DD1BD /* Sources */ = {
			isa = PBXSourcesBuildPhase;
			buildActionMask = 2147483647;
			files = (
				D1A7822E1D04283800E9BEE5 /* LoginViewController.swift in Sources */,
				D1A7822C1D0413C600E9BEE5 /* RegisterViewController.swift in Sources */,
				D18C981C1CEE54C2001DD1BD /* AppDelegate.swift in Sources */,
				D18C984D1CEE58FB001DD1BD /* PopTableViewController.swift in Sources */,
				D1E010ED1CFE65F100AB035A /* tableViewCell.swift in Sources */,
				D1163B781D040DF90047591B /* PopDatabase.swift in Sources */,
			);
			runOnlyForDeploymentPostprocessing = 0;
		};
		D18C98281CEE54C3001DD1BD /* Sources */ = {
			isa = PBXSourcesBuildPhase;
			buildActionMask = 2147483647;
			files = (
			);
			runOnlyForDeploymentPostprocessing = 0;
		};
		D18C98331CEE54C3001DD1BD /* Sources */ = {
			isa = PBXSourcesBuildPhase;
			buildActionMask = 2147483647;
			files = (
				D18C983C1CEE54C3001DD1BD /* PopUITests.swift in Sources */,
			);
			runOnlyForDeploymentPostprocessing = 0;
		};
/* End PBXSourcesBuildPhase section */

/* Begin PBXTargetDependency section */
		D18C982E1CEE54C3001DD1BD /* PBXTargetDependency */ = {
			isa = PBXTargetDependency;
			target = D18C98171CEE54C2001DD1BD /* Pop */;
			targetProxy = D18C982D1CEE54C3001DD1BD /* PBXContainerItemProxy */;
		};
		D18C98391CEE54C3001DD1BD /* PBXTargetDependency */ = {
			isa = PBXTargetDependency;
			target = D18C98171CEE54C2001DD1BD /* Pop */;
			targetProxy = D18C98381CEE54C3001DD1BD /* PBXContainerItemProxy */;
		};
/* End PBXTargetDependency section */

/* Begin PBXVariantGroup section */
		D18C981F1CEE54C3001DD1BD /* Main.storyboard */ = {
			isa = PBXVariantGroup;
			children = (
				D18C98201CEE54C3001DD1BD /* Base */,
			);
			name = Main.storyboard;
			sourceTree = "<group>";
		};
		D18C98241CEE54C3001DD1BD /* LaunchScreen.storyboard */ = {
			isa = PBXVariantGroup;
			children = (
				D18C98251CEE54C3001DD1BD /* Base */,
			);
			name = LaunchScreen.storyboard;
			sourceTree = "<group>";
		};
/* End PBXVariantGroup section */

/* Begin XCBuildConfiguration section */
		D18C983E1CEE54C3001DD1BD /* Debug */ = {
			isa = XCBuildConfiguration;
			buildSettings = {
				ALWAYS_SEARCH_USER_PATHS = NO;
				CLANG_ANALYZER_NONNULL = YES;
				CLANG_CXX_LANGUAGE_STANDARD = "gnu++0x";
				CLANG_CXX_LIBRARY = "libc++";
				CLANG_ENABLE_MODULES = YES;
				CLANG_ENABLE_OBJC_ARC = YES;
				CLANG_WARN_BOOL_CONVERSION = YES;
				CLANG_WARN_CONSTANT_CONVERSION = YES;
				CLANG_WARN_DIRECT_OBJC_ISA_USAGE = YES_ERROR;
				CLANG_WARN_EMPTY_BODY = YES;
				CLANG_WARN_ENUM_CONVERSION = YES;
				CLANG_WARN_INT_CONVERSION = YES;
				CLANG_WARN_OBJC_ROOT_CLASS = YES_ERROR;
				CLANG_WARN_UNREACHABLE_CODE = YES;
				CLANG_WARN__DUPLICATE_METHOD_MATCH = YES;
				"CODE_SIGN_IDENTITY[sdk=iphoneos*]" = "iPhone Developer";
				COPY_PHASE_STRIP = NO;
				DEBUG_INFORMATION_FORMAT = dwarf;
				ENABLE_STRICT_OBJC_MSGSEND = YES;
				ENABLE_TESTABILITY = YES;
				GCC_C_LANGUAGE_STANDARD = gnu99;
				GCC_DYNAMIC_NO_PIC = NO;
				GCC_NO_COMMON_BLOCKS = YES;
				GCC_OPTIMIZATION_LEVEL = 0;
				GCC_PREPROCESSOR_DEFINITIONS = (
					"DEBUG=1",
					"$(inherited)",
				);
				GCC_WARN_64_TO_32_BIT_CONVERSION = YES;
				GCC_WARN_ABOUT_RETURN_TYPE = YES_ERROR;
				GCC_WARN_UNDECLARED_SELECTOR = YES;
				GCC_WARN_UNINITIALIZED_AUTOS = YES_AGGRESSIVE;
				GCC_WARN_UNUSED_FUNCTION = YES;
				GCC_WARN_UNUSED_VARIABLE = YES;
				IPHONEOS_DEPLOYMENT_TARGET = 9.3;
				MTL_ENABLE_DEBUG_INFO = YES;
				ONLY_ACTIVE_ARCH = YES;
				SDKROOT = iphoneos;
				SWIFT_OPTIMIZATION_LEVEL = "-Onone";
			};
			name = Debug;
		};
		D18C983F1CEE54C3001DD1BD /* Release */ = {
			isa = XCBuildConfiguration;
			buildSettings = {
				ALWAYS_SEARCH_USER_PATHS = NO;
				CLANG_ANALYZER_NONNULL = YES;
				CLANG_CXX_LANGUAGE_STANDARD = "gnu++0x";
				CLANG_CXX_LIBRARY = "libc++";
				CLANG_ENABLE_MODULES = YES;
				CLANG_ENABLE_OBJC_ARC = YES;
				CLANG_WARN_BOOL_CONVERSION = YES;
				CLANG_WARN_CONSTANT_CONVERSION = YES;
				CLANG_WARN_DIRECT_OBJC_ISA_USAGE = YES_ERROR;
				CLANG_WARN_EMPTY_BODY = YES;
				CLANG_WARN_ENUM_CONVERSION = YES;
				CLANG_WARN_INT_CONVERSION = YES;
				CLANG_WARN_OBJC_ROOT_CLASS = YES_ERROR;
				CLANG_WARN_UNREACHABLE_CODE = YES;
				CLANG_WARN__DUPLICATE_METHOD_MATCH = YES;
				"CODE_SIGN_IDENTITY[sdk=iphoneos*]" = "iPhone Developer";
				COPY_PHASE_STRIP = NO;
				DEBUG_INFORMATION_FORMAT = "dwarf-with-dsym";
				ENABLE_NS_ASSERTIONS = NO;
				ENABLE_STRICT_OBJC_MSGSEND = YES;
				GCC_C_LANGUAGE_STANDARD = gnu99;
				GCC_NO_COMMON_BLOCKS = YES;
				GCC_WARN_64_TO_32_BIT_CONVERSION = YES;
				GCC_WARN_ABOUT_RETURN_TYPE = YES_ERROR;
				GCC_WARN_UNDECLARED_SELECTOR = YES;
				GCC_WARN_UNINITIALIZED_AUTOS = YES_AGGRESSIVE;
				GCC_WARN_UNUSED_FUNCTION = YES;
				GCC_WARN_UNUSED_VARIABLE = YES;
				IPHONEOS_DEPLOYMENT_TARGET = 9.3;
				MTL_ENABLE_DEBUG_INFO = NO;
				SDKROOT = iphoneos;
				VALIDATE_PRODUCT = YES;
			};
			name = Release;
		};
		D18C98411CEE54C3001DD1BD /* Debug */ = {
			isa = XCBuildConfiguration;
			baseConfigurationReference = 85C5A5F694FC3A68DCD24D83 /* Pods-Pop.debug.xcconfig */;
			buildSettings = {
				ASSETCATALOG_COMPILER_APPICON_NAME = AppIcon;
				CODE_SIGN_ENTITLEMENTS = Pop/Pop.entitlements;
				INFOPLIST_FILE = Pop/Info.plist;
				IPHONEOS_DEPLOYMENT_TARGET = 9.3;
				LD_RUNPATH_SEARCH_PATHS = "$(inherited) @executable_path/Frameworks";
				PRODUCT_BUNDLE_IDENTIFIER = justinmac.Pop;
				PRODUCT_NAME = "$(TARGET_NAME)";
			};
			name = Debug;
		};
		D18C98421CEE54C3001DD1BD /* Release */ = {
			isa = XCBuildConfiguration;
			baseConfigurationReference = 980102721AAAECCFCC960F4B /* Pods-Pop.release.xcconfig */;
			buildSettings = {
				ASSETCATALOG_COMPILER_APPICON_NAME = AppIcon;
				CODE_SIGN_ENTITLEMENTS = Pop/Pop.entitlements;
				INFOPLIST_FILE = Pop/Info.plist;
				IPHONEOS_DEPLOYMENT_TARGET = 9.3;
				LD_RUNPATH_SEARCH_PATHS = "$(inherited) @executable_path/Frameworks";
				PRODUCT_BUNDLE_IDENTIFIER = justinmac.Pop;
				PRODUCT_NAME = "$(TARGET_NAME)";
			};
			name = Release;
		};
		D18C98441CEE54C3001DD1BD /* Debug */ = {
			isa = XCBuildConfiguration;
			baseConfigurationReference = B837BC08E6C631339644C4EB /* Pods-PopTests.debug.xcconfig */;
			buildSettings = {
				BUNDLE_LOADER = "$(TEST_HOST)";
				INFOPLIST_FILE = PopTests/Info.plist;
				LD_RUNPATH_SEARCH_PATHS = "$(inherited) @executable_path/Frameworks @loader_path/Frameworks";
				PRODUCT_BUNDLE_IDENTIFIER = justinmac.PopTests;
				PRODUCT_NAME = "$(TARGET_NAME)";
				TEST_HOST = "$(BUILT_PRODUCTS_DIR)/Pop.app/Pop";
			};
			name = Debug;
		};
		D18C98451CEE54C3001DD1BD /* Release */ = {
			isa = XCBuildConfiguration;
			baseConfigurationReference = 8CC6D17B7F939D3BB3F13F42 /* Pods-PopTests.release.xcconfig */;
			buildSettings = {
				BUNDLE_LOADER = "$(TEST_HOST)";
				INFOPLIST_FILE = PopTests/Info.plist;
				LD_RUNPATH_SEARCH_PATHS = "$(inherited) @executable_path/Frameworks @loader_path/Frameworks";
				PRODUCT_BUNDLE_IDENTIFIER = justinmac.PopTests;
				PRODUCT_NAME = "$(TARGET_NAME)";
				TEST_HOST = "$(BUILT_PRODUCTS_DIR)/Pop.app/Pop";
			};
			name = Release;
		};
		D18C98471CEE54C3001DD1BD /* Debug */ = {
			isa = XCBuildConfiguration;
			baseConfigurationReference = 951ABD54F39406AE75F55497 /* Pods-PopUITests.debug.xcconfig */;
			buildSettings = {
				INFOPLIST_FILE = PopUITests/Info.plist;
				LD_RUNPATH_SEARCH_PATHS = "$(inherited) @executable_path/Frameworks @loader_path/Frameworks";
				PRODUCT_BUNDLE_IDENTIFIER = justinmac.PopUITests;
				PRODUCT_NAME = "$(TARGET_NAME)";
				TEST_TARGET_NAME = Pop;
			};
			name = Debug;
		};
		D18C98481CEE54C3001DD1BD /* Release */ = {
			isa = XCBuildConfiguration;
			baseConfigurationReference = F626EDB3464B968283A7AA18 /* Pods-PopUITests.release.xcconfig */;
			buildSettings = {
				INFOPLIST_FILE = PopUITests/Info.plist;
				LD_RUNPATH_SEARCH_PATHS = "$(inherited) @executable_path/Frameworks @loader_path/Frameworks";
				PRODUCT_BUNDLE_IDENTIFIER = justinmac.PopUITests;
				PRODUCT_NAME = "$(TARGET_NAME)";
				TEST_TARGET_NAME = Pop;
			};
			name = Release;
		};
/* End XCBuildConfiguration section */

/* Begin XCConfigurationList section */
		D18C98131CEE54C2001DD1BD /* Build configuration list for PBXProject "Pop" */ = {
			isa = XCConfigurationList;
			buildConfigurations = (
				D18C983E1CEE54C3001DD1BD /* Debug */,
				D18C983F1CEE54C3001DD1BD /* Release */,
			);
			defaultConfigurationIsVisible = 0;
			defaultConfigurationName = Release;
		};
		D18C98401CEE54C3001DD1BD /* Build configuration list for PBXNativeTarget "Pop" */ = {
			isa = XCConfigurationList;
			buildConfigurations = (
				D18C98411CEE54C3001DD1BD /* Debug */,
				D18C98421CEE54C3001DD1BD /* Release */,
			);
			defaultConfigurationIsVisible = 0;
			defaultConfigurationName = Release;
		};
		D18C98431CEE54C3001DD1BD /* Build configuration list for PBXNativeTarget "PopTests" */ = {
			isa = XCConfigurationList;
			buildConfigurations = (
				D18C98441CEE54C3001DD1BD /* Debug */,
				D18C98451CEE54C3001DD1BD /* Release */,
			);
			defaultConfigurationIsVisible = 0;
			defaultConfigurationName = Release;
		};
		D18C98461CEE54C3001DD1BD /* Build configuration list for PBXNativeTarget "PopUITests" */ = {
			isa = XCConfigurationList;
			buildConfigurations = (
				D18C98471CEE54C3001DD1BD /* Debug */,
				D18C98481CEE54C3001DD1BD /* Release */,
			);
			defaultConfigurationIsVisible = 0;
			defaultConfigurationName = Release;
		};
/* End XCConfigurationList section */
	};
	rootObject = D18C98101CEE54C2001DD1BD /* Project object */;
}
